PODS:
  - Alamofire (4.8.1)
  - TinyConstraints (3.2.1)

DEPENDENCIES:
  - Alamofire (~> 4.8.0)
  - TinyConstraints (~> 3.2.1)

SPEC REPOS:
  https://github.com/cocoapods/specs.git:
    - Alamofire
    - TinyConstraints

SPEC CHECKSUMS:
  Alamofire: 16ce2c353fb72865124ddae8a57c5942388f4f11
  TinyConstraints: 5ca700872f726c49d10829d7b00f31e4ec731f36

PODFILE CHECKSUM: c87bb123b1b9bee1ec18c6d1e9e81b87cfec15ba

COCOAPODS: 1.6.0
