// !$*UTF8*$!
{
	archiveVersion = 1;
	classes = {
	};
	objectVersion = 50;
	objects = {

/* Begin PBXBuildFile section */
		3885D432CF5E06224D98A12F /* Pods_Ottr_iOSUITests.framework in Frameworks */ = {isa = PBXBuildFile; fileRef = 880982E1A59191D1D4928034 /* Pods_Ottr_iOSUITests.framework */; };
		4F96FA6CF3984FE543EBD05C /* Pods_Ottr_iOSTests.framework in Frameworks */ = {isa = PBXBuildFile; fileRef = CF2F26B39F4C1C7B22032C0D /* Pods_Ottr_iOSTests.framework */; };
		E3208A3E220F3D560038F360 /* AppDelegate.swift in Sources */ = {isa = PBXBuildFile; fileRef = E3208A3D220F3D560038F360 /* AppDelegate.swift */; };
		E3208A40220F3D560038F360 /* ViewController.swift in Sources */ = {isa = PBXBuildFile; fileRef = E3208A3F220F3D560038F360 /* ViewController.swift */; };
		E3208A43220F3D560038F360 /* Main.storyboard in Resources */ = {isa = PBXBuildFile; fileRef = E3208A41220F3D560038F360 /* Main.storyboard */; };
		E3208A45220F3D580038F360 /* Assets.xcassets in Resources */ = {isa = PBXBuildFile; fileRef = E3208A44220F3D580038F360 /* Assets.xcassets */; };
		E3208A48220F3D580038F360 /* LaunchScreen.storyboard in Resources */ = {isa = PBXBuildFile; fileRef = E3208A46220F3D580038F360 /* LaunchScreen.storyboard */; };
		E3208A53220F3D580038F360 /* Ottr_iOSTests.swift in Sources */ = {isa = PBXBuildFile; fileRef = E3208A52220F3D580038F360 /* Ottr_iOSTests.swift */; };
		E3208A5E220F3D580038F360 /* Ottr_iOSUITests.swift in Sources */ = {isa = PBXBuildFile; fileRef = E3208A5D220F3D580038F360 /* Ottr_iOSUITests.swift */; };
		E3208A6D220F405C0038F360 /* Cookie.swift in Sources */ = {isa = PBXBuildFile; fileRef = E3208A6C220F405C0038F360 /* Cookie.swift */; };
		E3208A73220F69B50038F360 /* User.swift in Sources */ = {isa = PBXBuildFile; fileRef = E3208A72220F69B50038F360 /* User.swift */; };
		E3208A75220F69DA0038F360 /* UserActions.swift in Sources */ = {isa = PBXBuildFile; fileRef = E3208A74220F69DA0038F360 /* UserActions.swift */; };
		E3208A77220F6A280038F360 /* UserReducer.swift in Sources */ = {isa = PBXBuildFile; fileRef = E3208A76220F6A280038F360 /* UserReducer.swift */; };
		E3208A79220F6AD00038F360 /* AppReducer.swift in Sources */ = {isa = PBXBuildFile; fileRef = E3208A78220F6AD00038F360 /* AppReducer.swift */; };
		E3208A7B220F72C60038F360 /* API.swift in Sources */ = {isa = PBXBuildFile; fileRef = E3208A7A220F72C60038F360 /* API.swift */; };
		E3208A7D220F92E90038F360 /* LoginViewController.swift in Sources */ = {isa = PBXBuildFile; fileRef = E3208A7C220F92E90038F360 /* LoginViewController.swift */; };
		F955DC088CC3084D19D87976 /* Pods_Ottr_iOS.framework in Frameworks */ = {isa = PBXBuildFile; fileRef = 5C0A1BD9A67D5EC8F7932CAE /* Pods_Ottr_iOS.framework */; };
/* End PBXBuildFile section */

/* Begin PBXContainerItemProxy section */
		E3208A4F220F3D580038F360 /* PBXContainerItemProxy */ = {
			isa = PBXContainerItemProxy;
			containerPortal = E3208A32220F3D560038F360 /* Project object */;
			proxyType = 1;
			remoteGlobalIDString = E3208A39220F3D560038F360;
			remoteInfo = "Ottr-iOS";
		};
		E3208A5A220F3D580038F360 /* PBXContainerItemProxy */ = {
			isa = PBXContainerItemProxy;
			containerPortal = E3208A32220F3D560038F360 /* Project object */;
			proxyType = 1;
			remoteGlobalIDString = E3208A39220F3D560038F360;
			remoteInfo = "Ottr-iOS";
		};
/* End PBXContainerItemProxy section */

/* Begin PBXFileReference section */
		017CB1E6D9A1C5BEF8D0CD93 /* Pods-Ottr-iOSUITests.debug.xcconfig */ = {isa = PBXFileReference; includeInIndex = 1; lastKnownFileType = text.xcconfig; name = "Pods-Ottr-iOSUITests.debug.xcconfig"; path = "Target Support Files/Pods-Ottr-iOSUITests/Pods-Ottr-iOSUITests.debug.xcconfig"; sourceTree = "<group>"; };
		5C0A1BD9A67D5EC8F7932CAE /* Pods_Ottr_iOS.framework */ = {isa = PBXFileReference; explicitFileType = wrapper.framework; includeInIndex = 0; path = Pods_Ottr_iOS.framework; sourceTree = BUILT_PRODUCTS_DIR; };
		75A72E7C58B7FCD68BC854F5 /* Pods-Ottr-iOSTests.release.xcconfig */ = {isa = PBXFileReference; includeInIndex = 1; lastKnownFileType = text.xcconfig; name = "Pods-Ottr-iOSTests.release.xcconfig"; path = "Target Support Files/Pods-Ottr-iOSTests/Pods-Ottr-iOSTests.release.xcconfig"; sourceTree = "<group>"; };
		880982E1A59191D1D4928034 /* Pods_Ottr_iOSUITests.framework */ = {isa = PBXFileReference; explicitFileType = wrapper.framework; includeInIndex = 0; path = Pods_Ottr_iOSUITests.framework; sourceTree = BUILT_PRODUCTS_DIR; };
		8FA351DA64B6EFCFDF215249 /* Pods-Ottr-iOSUITests.release.xcconfig */ = {isa = PBXFileReference; includeInIndex = 1; lastKnownFileType = text.xcconfig; name = "Pods-Ottr-iOSUITests.release.xcconfig"; path = "Target Support Files/Pods-Ottr-iOSUITests/Pods-Ottr-iOSUITests.release.xcconfig"; sourceTree = "<group>"; };
		A91E6AB655A12A56E6715FCE /* Pods-Ottr-iOSTests.debug.xcconfig */ = {isa = PBXFileReference; includeInIndex = 1; lastKnownFileType = text.xcconfig; name = "Pods-Ottr-iOSTests.debug.xcconfig"; path = "Target Support Files/Pods-Ottr-iOSTests/Pods-Ottr-iOSTests.debug.xcconfig"; sourceTree = "<group>"; };
		CF2F26B39F4C1C7B22032C0D /* Pods_Ottr_iOSTests.framework */ = {isa = PBXFileReference; explicitFileType = wrapper.framework; includeInIndex = 0; path = Pods_Ottr_iOSTests.framework; sourceTree = BUILT_PRODUCTS_DIR; };
		D66A40EF9256D0D102D57BCC /* Pods-Ottr-iOS.release.xcconfig */ = {isa = PBXFileReference; includeInIndex = 1; lastKnownFileType = text.xcconfig; name = "Pods-Ottr-iOS.release.xcconfig"; path = "Target Support Files/Pods-Ottr-iOS/Pods-Ottr-iOS.release.xcconfig"; sourceTree = "<group>"; };
		DF4D5A1520D872B8A19F7D11 /* Pods-Ottr-iOS.debug.xcconfig */ = {isa = PBXFileReference; includeInIndex = 1; lastKnownFileType = text.xcconfig; name = "Pods-Ottr-iOS.debug.xcconfig"; path = "Target Support Files/Pods-Ottr-iOS/Pods-Ottr-iOS.debug.xcconfig"; sourceTree = "<group>"; };
		E3208A3A220F3D560038F360 /* Ottr-iOS.app */ = {isa = PBXFileReference; explicitFileType = wrapper.application; includeInIndex = 0; path = "Ottr-iOS.app"; sourceTree = BUILT_PRODUCTS_DIR; };
		E3208A3D220F3D560038F360 /* AppDelegate.swift */ = {isa = PBXFileReference; lastKnownFileType = sourcecode.swift; path = AppDelegate.swift; sourceTree = "<group>"; };
		E3208A3F220F3D560038F360 /* ViewController.swift */ = {isa = PBXFileReference; lastKnownFileType = sourcecode.swift; path = ViewController.swift; sourceTree = "<group>"; };
		E3208A42220F3D560038F360 /* Base */ = {isa = PBXFileReference; lastKnownFileType = file.storyboard; name = Base; path = Base.lproj/Main.storyboard; sourceTree = "<group>"; };
		E3208A44220F3D580038F360 /* Assets.xcassets */ = {isa = PBXFileReference; lastKnownFileType = folder.assetcatalog; path = Assets.xcassets; sourceTree = "<group>"; };
		E3208A47220F3D580038F360 /* Base */ = {isa = PBXFileReference; lastKnownFileType = file.storyboard; name = Base; path = Base.lproj/LaunchScreen.storyboard; sourceTree = "<group>"; };
		E3208A49220F3D580038F360 /* Info.plist */ = {isa = PBXFileReference; lastKnownFileType = text.plist.xml; path = Info.plist; sourceTree = "<group>"; };
		E3208A4E220F3D580038F360 /* Ottr-iOSTests.xctest */ = {isa = PBXFileReference; explicitFileType = wrapper.cfbundle; includeInIndex = 0; path = "Ottr-iOSTests.xctest"; sourceTree = BUILT_PRODUCTS_DIR; };
		E3208A52220F3D580038F360 /* Ottr_iOSTests.swift */ = {isa = PBXFileReference; lastKnownFileType = sourcecode.swift; path = Ottr_iOSTests.swift; sourceTree = "<group>"; };
		E3208A54220F3D580038F360 /* Info.plist */ = {isa = PBXFileReference; lastKnownFileType = text.plist.xml; path = Info.plist; sourceTree = "<group>"; };
		E3208A59220F3D580038F360 /* Ottr-iOSUITests.xctest */ = {isa = PBXFileReference; explicitFileType = wrapper.cfbundle; includeInIndex = 0; path = "Ottr-iOSUITests.xctest"; sourceTree = BUILT_PRODUCTS_DIR; };
		E3208A5D220F3D580038F360 /* Ottr_iOSUITests.swift */ = {isa = PBXFileReference; lastKnownFileType = sourcecode.swift; path = Ottr_iOSUITests.swift; sourceTree = "<group>"; };
		E3208A5F220F3D580038F360 /* Info.plist */ = {isa = PBXFileReference; lastKnownFileType = text.plist.xml; path = Info.plist; sourceTree = "<group>"; };
		E3208A6C220F405C0038F360 /* Cookie.swift */ = {isa = PBXFileReference; lastKnownFileType = sourcecode.swift; path = Cookie.swift; sourceTree = "<group>"; };
		E3208A72220F69B50038F360 /* User.swift */ = {isa = PBXFileReference; lastKnownFileType = sourcecode.swift; path = User.swift; sourceTree = "<group>"; };
		E3208A74220F69DA0038F360 /* UserActions.swift */ = {isa = PBXFileReference; lastKnownFileType = sourcecode.swift; path = UserActions.swift; sourceTree = "<group>"; };
		E3208A76220F6A280038F360 /* UserReducer.swift */ = {isa = PBXFileReference; lastKnownFileType = sourcecode.swift; path = UserReducer.swift; sourceTree = "<group>"; };
		E3208A78220F6AD00038F360 /* AppReducer.swift */ = {isa = PBXFileReference; lastKnownFileType = sourcecode.swift; path = AppReducer.swift; sourceTree = "<group>"; };
		E3208A7A220F72C60038F360 /* API.swift */ = {isa = PBXFileReference; lastKnownFileType = sourcecode.swift; path = API.swift; sourceTree = "<group>"; };
		E3208A7C220F92E90038F360 /* LoginViewController.swift */ = {isa = PBXFileReference; lastKnownFileType = sourcecode.swift; path = LoginViewController.swift; sourceTree = "<group>"; };
/* End PBXFileReference section */

/* Begin PBXFrameworksBuildPhase section */
		E3208A37220F3D560038F360 /* Frameworks */ = {
			isa = PBXFrameworksBuildPhase;
			buildActionMask = 2147483647;
			files = (
				F955DC088CC3084D19D87976 /* Pods_Ottr_iOS.framework in Frameworks */,
			);
			runOnlyForDeploymentPostprocessing = 0;
		};
		E3208A4B220F3D580038F360 /* Frameworks */ = {
			isa = PBXFrameworksBuildPhase;
			buildActionMask = 2147483647;
			files = (
				4F96FA6CF3984FE543EBD05C /* Pods_Ottr_iOSTests.framework in Frameworks */,
			);
			runOnlyForDeploymentPostprocessing = 0;
		};
		E3208A56220F3D580038F360 /* Frameworks */ = {
			isa = PBXFrameworksBuildPhase;
			buildActionMask = 2147483647;
			files = (
				3885D432CF5E06224D98A12F /* Pods_Ottr_iOSUITests.framework in Frameworks */,
			);
			runOnlyForDeploymentPostprocessing = 0;
		};
/* End PBXFrameworksBuildPhase section */

/* Begin PBXGroup section */
		3377DA3DCC9B4B941A524660 /* Frameworks */ = {
			isa = PBXGroup;
			children = (
				5C0A1BD9A67D5EC8F7932CAE /* Pods_Ottr_iOS.framework */,
				CF2F26B39F4C1C7B22032C0D /* Pods_Ottr_iOSTests.framework */,
				880982E1A59191D1D4928034 /* Pods_Ottr_iOSUITests.framework */,
			);
			name = Frameworks;
			sourceTree = "<group>";
		};
		6287ABA64346C04FC234C73B /* Pods */ = {
			isa = PBXGroup;
			children = (
				DF4D5A1520D872B8A19F7D11 /* Pods-Ottr-iOS.debug.xcconfig */,
				D66A40EF9256D0D102D57BCC /* Pods-Ottr-iOS.release.xcconfig */,
				A91E6AB655A12A56E6715FCE /* Pods-Ottr-iOSTests.debug.xcconfig */,
				75A72E7C58B7FCD68BC854F5 /* Pods-Ottr-iOSTests.release.xcconfig */,
				017CB1E6D9A1C5BEF8D0CD93 /* Pods-Ottr-iOSUITests.debug.xcconfig */,
				8FA351DA64B6EFCFDF215249 /* Pods-Ottr-iOSUITests.release.xcconfig */,
			);
			path = Pods;
			sourceTree = "<group>";
		};
		E3208A31220F3D560038F360 = {
			isa = PBXGroup;
			children = (
				E3208A3C220F3D560038F360 /* Ottr-iOS */,
				E3208A51220F3D580038F360 /* Ottr-iOSTests */,
				E3208A5C220F3D580038F360 /* Ottr-iOSUITests */,
				E3208A3B220F3D560038F360 /* Products */,
				6287ABA64346C04FC234C73B /* Pods */,
				3377DA3DCC9B4B941A524660 /* Frameworks */,
			);
			sourceTree = "<group>";
		};
		E3208A3B220F3D560038F360 /* Products */ = {
			isa = PBXGroup;
			children = (
				E3208A3A220F3D560038F360 /* Ottr-iOS.app */,
				E3208A4E220F3D580038F360 /* Ottr-iOSTests.xctest */,
				E3208A59220F3D580038F360 /* Ottr-iOSUITests.xctest */,
			);
			name = Products;
			sourceTree = "<group>";
		};
		E3208A3C220F3D560038F360 /* Ottr-iOS */ = {
			isa = PBXGroup;
			children = (
				E3208A3D220F3D560038F360 /* AppDelegate.swift */,
				E3208A70220F69930038F360 /* Actions */,
				E3208A6F220F682F0038F360 /* ViewControllers */,
				E3208A6E220F68170038F360 /* Models */,
				E3208A71220F699B0038F360 /* Reducers */,
				E3208A6B220F3E9A0038F360 /* Utils */,
				E3208A41220F3D560038F360 /* Main.storyboard */,
				E3208A44220F3D580038F360 /* Assets.xcassets */,
				E3208A46220F3D580038F360 /* LaunchScreen.storyboard */,
				E3208A49220F3D580038F360 /* Info.plist */,
			);
			path = "Ottr-iOS";
			sourceTree = "<group>";
		};
		E3208A51220F3D580038F360 /* Ottr-iOSTests */ = {
			isa = PBXGroup;
			children = (
				E3208A52220F3D580038F360 /* Ottr_iOSTests.swift */,
				E3208A54220F3D580038F360 /* Info.plist */,
			);
			path = "Ottr-iOSTests";
			sourceTree = "<group>";
		};
		E3208A5C220F3D580038F360 /* Ottr-iOSUITests */ = {
			isa = PBXGroup;
			children = (
				E3208A5D220F3D580038F360 /* Ottr_iOSUITests.swift */,
				E3208A5F220F3D580038F360 /* Info.plist */,
			);
			path = "Ottr-iOSUITests";
			sourceTree = "<group>";
		};
		E3208A6B220F3E9A0038F360 /* Utils */ = {
			isa = PBXGroup;
			children = (
				E3208A6C220F405C0038F360 /* Cookie.swift */,
				E3208A7A220F72C60038F360 /* API.swift */,
			);
			path = Utils;
			sourceTree = "<group>";
		};
		E3208A6E220F68170038F360 /* Models */ = {
			isa = PBXGroup;
			children = (
				E3208A72220F69B50038F360 /* User.swift */,
			);
			path = Models;
			sourceTree = "<group>";
		};
		E3208A6F220F682F0038F360 /* ViewControllers */ = {
			isa = PBXGroup;
			children = (
				E3208A3F220F3D560038F360 /* ViewController.swift */,
				E3208A7C220F92E90038F360 /* LoginViewController.swift */,
			);
			path = ViewControllers;
			sourceTree = "<group>";
		};
		E3208A70220F69930038F360 /* Actions */ = {
			isa = PBXGroup;
			children = (
				E3208A74220F69DA0038F360 /* UserActions.swift */,
			);
			path = Actions;
			sourceTree = "<group>";
		};
		E3208A71220F699B0038F360 /* Reducers */ = {
			isa = PBXGroup;
			children = (
				E3208A76220F6A280038F360 /* UserReducer.swift */,
				E3208A78220F6AD00038F360 /* AppReducer.swift */,
			);
			path = Reducers;
			sourceTree = "<group>";
		};
/* End PBXGroup section */

/* Begin PBXNativeTarget section */
		E3208A39220F3D560038F360 /* Ottr-iOS */ = {
			isa = PBXNativeTarget;
			buildConfigurationList = E3208A62220F3D580038F360 /* Build configuration list for PBXNativeTarget "Ottr-iOS" */;
			buildPhases = (
				B0A70ECC894C9423DB36B4B0 /* [CP] Check Pods Manifest.lock */,
				E3208A36220F3D560038F360 /* Sources */,
				E3208A37220F3D560038F360 /* Frameworks */,
				E3208A38220F3D560038F360 /* Resources */,
				EC1D9308BB8DF4621059CD04 /* [CP] Embed Pods Frameworks */,
			);
			buildRules = (
			);
			dependencies = (
			);
			name = "Ottr-iOS";
			productName = "Ottr-iOS";
			productReference = E3208A3A220F3D560038F360 /* Ottr-iOS.app */;
			productType = "com.apple.product-type.application";
		};
		E3208A4D220F3D580038F360 /* Ottr-iOSTests */ = {
			isa = PBXNativeTarget;
			buildConfigurationList = E3208A65220F3D580038F360 /* Build configuration list for PBXNativeTarget "Ottr-iOSTests" */;
			buildPhases = (
				A8CD07C94CACCCCAB43C6C04 /* [CP] Check Pods Manifest.lock */,
				E3208A4A220F3D580038F360 /* Sources */,
				E3208A4B220F3D580038F360 /* Frameworks */,
				E3208A4C220F3D580038F360 /* Resources */,
			);
			buildRules = (
			);
			dependencies = (
				E3208A50220F3D580038F360 /* PBXTargetDependency */,
			);
			name = "Ottr-iOSTests";
			productName = "Ottr-iOSTests";
			productReference = E3208A4E220F3D580038F360 /* Ottr-iOSTests.xctest */;
			productType = "com.apple.product-type.bundle.unit-test";
		};
		E3208A58220F3D580038F360 /* Ottr-iOSUITests */ = {
			isa = PBXNativeTarget;
			buildConfigurationList = E3208A68220F3D580038F360 /* Build configuration list for PBXNativeTarget "Ottr-iOSUITests" */;
			buildPhases = (
				35E6217EF6B97D28343F6561 /* [CP] Check Pods Manifest.lock */,
				E3208A55220F3D580038F360 /* Sources */,
				E3208A56220F3D580038F360 /* Frameworks */,
				E3208A57220F3D580038F360 /* Resources */,
			);
			buildRules = (
			);
			dependencies = (
				E3208A5B220F3D580038F360 /* PBXTargetDependency */,
			);
			name = "Ottr-iOSUITests";
			productName = "Ottr-iOSUITests";
			productReference = E3208A59220F3D580038F360 /* Ottr-iOSUITests.xctest */;
			productType = "com.apple.product-type.bundle.ui-testing";
		};
/* End PBXNativeTarget section */

/* Begin PBXProject section */
		E3208A32220F3D560038F360 /* Project object */ = {
			isa = PBXProject;
			attributes = {
				LastSwiftUpdateCheck = 0940;
				LastUpgradeCheck = 0940;
				ORGANIZATIONNAME = "Christopher Szatmary";
				TargetAttributes = {
					E3208A39220F3D560038F360 = {
						CreatedOnToolsVersion = 9.4.1;
					};
					E3208A4D220F3D580038F360 = {
						CreatedOnToolsVersion = 9.4.1;
						TestTargetID = E3208A39220F3D560038F360;
					};
					E3208A58220F3D580038F360 = {
						CreatedOnToolsVersion = 9.4.1;
						TestTargetID = E3208A39220F3D560038F360;
					};
				};
			};
			buildConfigurationList = E3208A35220F3D560038F360 /* Build configuration list for PBXProject "Ottr-iOS" */;
			compatibilityVersion = "Xcode 9.3";
			developmentRegion = en;
			hasScannedForEncodings = 0;
			knownRegions = (
				en,
				Base,
			);
			mainGroup = E3208A31220F3D560038F360;
			productRefGroup = E3208A3B220F3D560038F360 /* Products */;
			projectDirPath = "";
			projectRoot = "";
			targets = (
				E3208A39220F3D560038F360 /* Ottr-iOS */,
				E3208A4D220F3D580038F360 /* Ottr-iOSTests */,
				E3208A58220F3D580038F360 /* Ottr-iOSUITests */,
			);
		};
/* End PBXProject section */

/* Begin PBXResourcesBuildPhase section */
		E3208A38220F3D560038F360 /* Resources */ = {
			isa = PBXResourcesBuildPhase;
			buildActionMask = 2147483647;
			files = (
				E3208A48220F3D580038F360 /* LaunchScreen.storyboard in Resources */,
				E3208A45220F3D580038F360 /* Assets.xcassets in Resources */,
				E3208A43220F3D560038F360 /* Main.storyboard in Resources */,
			);
			runOnlyForDeploymentPostprocessing = 0;
		};
		E3208A4C220F3D580038F360 /* Resources */ = {
			isa = PBXResourcesBuildPhase;
			buildActionMask = 2147483647;
			files = (
			);
			runOnlyForDeploymentPostprocessing = 0;
		};
		E3208A57220F3D580038F360 /* Resources */ = {
			isa = PBXResourcesBuildPhase;
			buildActionMask = 2147483647;
			files = (
			);
			runOnlyForDeploymentPostprocessing = 0;
		};
/* End PBXResourcesBuildPhase section */

/* Begin PBXShellScriptBuildPhase section */
		35E6217EF6B97D28343F6561 /* [CP] Check Pods Manifest.lock */ = {
			isa = PBXShellScriptBuildPhase;
			buildActionMask = 2147483647;
			files = (
			);
			inputPaths = (
				"${PODS_PODFILE_DIR_PATH}/Podfile.lock",
				"${PODS_ROOT}/Manifest.lock",
			);
			name = "[CP] Check Pods Manifest.lock";
			outputPaths = (
				"$(DERIVED_FILE_DIR)/Pods-Ottr-iOSUITests-checkManifestLockResult.txt",
			);
			runOnlyForDeploymentPostprocessing = 0;
			shellPath = /bin/sh;
			shellScript = "diff \"${PODS_PODFILE_DIR_PATH}/Podfile.lock\" \"${PODS_ROOT}/Manifest.lock\" > /dev/null\nif [ $? != 0 ] ; then\n    # print error to STDERR\n    echo \"error: The sandbox is not in sync with the Podfile.lock. Run 'pod install' or update your CocoaPods installation.\" >&2\n    exit 1\nfi\n# This output is used by Xcode 'outputs' to avoid re-running this script phase.\necho \"SUCCESS\" > \"${SCRIPT_OUTPUT_FILE_0}\"\n";
			showEnvVarsInLog = 0;
		};
		A8CD07C94CACCCCAB43C6C04 /* [CP] Check Pods Manifest.lock */ = {
			isa = PBXShellScriptBuildPhase;
			buildActionMask = 2147483647;
			files = (
			);
			inputPaths = (
				"${PODS_PODFILE_DIR_PATH}/Podfile.lock",
				"${PODS_ROOT}/Manifest.lock",
			);
			name = "[CP] Check Pods Manifest.lock";
			outputPaths = (
				"$(DERIVED_FILE_DIR)/Pods-Ottr-iOSTests-checkManifestLockResult.txt",
			);
			runOnlyForDeploymentPostprocessing = 0;
			shellPath = /bin/sh;
			shellScript = "diff \"${PODS_PODFILE_DIR_PATH}/Podfile.lock\" \"${PODS_ROOT}/Manifest.lock\" > /dev/null\nif [ $? != 0 ] ; then\n    # print error to STDERR\n    echo \"error: The sandbox is not in sync with the Podfile.lock. Run 'pod install' or update your CocoaPods installation.\" >&2\n    exit 1\nfi\n# This output is used by Xcode 'outputs' to avoid re-running this script phase.\necho \"SUCCESS\" > \"${SCRIPT_OUTPUT_FILE_0}\"\n";
			showEnvVarsInLog = 0;
		};
		B0A70ECC894C9423DB36B4B0 /* [CP] Check Pods Manifest.lock */ = {
			isa = PBXShellScriptBuildPhase;
			buildActionMask = 2147483647;
			files = (
			);
			inputPaths = (
				"${PODS_PODFILE_DIR_PATH}/Podfile.lock",
				"${PODS_ROOT}/Manifest.lock",
			);
			name = "[CP] Check Pods Manifest.lock";
			outputPaths = (
				"$(DERIVED_FILE_DIR)/Pods-Ottr-iOS-checkManifestLockResult.txt",
			);
			runOnlyForDeploymentPostprocessing = 0;
			shellPath = /bin/sh;
			shellScript = "diff \"${PODS_PODFILE_DIR_PATH}/Podfile.lock\" \"${PODS_ROOT}/Manifest.lock\" > /dev/null\nif [ $? != 0 ] ; then\n    # print error to STDERR\n    echo \"error: The sandbox is not in sync with the Podfile.lock. Run 'pod install' or update your CocoaPods installation.\" >&2\n    exit 1\nfi\n# This output is used by Xcode 'outputs' to avoid re-running this script phase.\necho \"SUCCESS\" > \"${SCRIPT_OUTPUT_FILE_0}\"\n";
			showEnvVarsInLog = 0;
		};
		EC1D9308BB8DF4621059CD04 /* [CP] Embed Pods Frameworks */ = {
			isa = PBXShellScriptBuildPhase;
			buildActionMask = 2147483647;
			files = (
			);
			inputPaths = (
				"${PODS_ROOT}/Target Support Files/Pods-Ottr-iOS/Pods-Ottr-iOS-frameworks.sh",
				"${BUILT_PRODUCTS_DIR}/Alamofire/Alamofire.framework",
				"${BUILT_PRODUCTS_DIR}/HotCocoa/HotCocoa.framework",
				"${BUILT_PRODUCTS_DIR}/ReSwift/ReSwift.framework",
				"${BUILT_PRODUCTS_DIR}/ReSwiftThunk/ReSwiftThunk.framework",
				"${BUILT_PRODUCTS_DIR}/SwiftySweetness/SwiftySweetness.framework",
				"${BUILT_PRODUCTS_DIR}/TinyConstraints/TinyConstraints.framework",
			);
			name = "[CP] Embed Pods Frameworks";
			outputPaths = (
				"${TARGET_BUILD_DIR}/${FRAMEWORKS_FOLDER_PATH}/Alamofire.framework",
				"${TARGET_BUILD_DIR}/${FRAMEWORKS_FOLDER_PATH}/HotCocoa.framework",
				"${TARGET_BUILD_DIR}/${FRAMEWORKS_FOLDER_PATH}/ReSwift.framework",
				"${TARGET_BUILD_DIR}/${FRAMEWORKS_FOLDER_PATH}/ReSwiftThunk.framework",
				"${TARGET_BUILD_DIR}/${FRAMEWORKS_FOLDER_PATH}/SwiftySweetness.framework",
				"${TARGET_BUILD_DIR}/${FRAMEWORKS_FOLDER_PATH}/TinyConstraints.framework",
			);
			runOnlyForDeploymentPostprocessing = 0;
			shellPath = /bin/sh;
			shellScript = "\"${PODS_ROOT}/Target Support Files/Pods-Ottr-iOS/Pods-Ottr-iOS-frameworks.sh\"\n";
			showEnvVarsInLog = 0;
		};
/* End PBXShellScriptBuildPhase section */

/* Begin PBXSourcesBuildPhase section */
		E3208A36220F3D560038F360 /* Sources */ = {
			isa = PBXSourcesBuildPhase;
			buildActionMask = 2147483647;
			files = (
				E3208A7D220F92E90038F360 /* LoginViewController.swift in Sources */,
				E3208A73220F69B50038F360 /* User.swift in Sources */,
				E3208A77220F6A280038F360 /* UserReducer.swift in Sources */,
				E3208A79220F6AD00038F360 /* AppReducer.swift in Sources */,
				E3208A75220F69DA0038F360 /* UserActions.swift in Sources */,
				E3208A40220F3D560038F360 /* ViewController.swift in Sources */,
				E3208A6D220F405C0038F360 /* Cookie.swift in Sources */,
				E3208A7B220F72C60038F360 /* API.swift in Sources */,
				E3208A3E220F3D560038F360 /* AppDelegate.swift in Sources */,
			);
			runOnlyForDeploymentPostprocessing = 0;
		};
		E3208A4A220F3D580038F360 /* Sources */ = {
			isa = PBXSourcesBuildPhase;
			buildActionMask = 2147483647;
			files = (
				E3208A53220F3D580038F360 /* Ottr_iOSTests.swift in Sources */,
			);
			runOnlyForDeploymentPostprocessing = 0;
		};
		E3208A55220F3D580038F360 /* Sources */ = {
			isa = PBXSourcesBuildPhase;
			buildActionMask = 2147483647;
			files = (
				E3208A5E220F3D580038F360 /* Ottr_iOSUITests.swift in Sources */,
			);
			runOnlyForDeploymentPostprocessing = 0;
		};
/* End PBXSourcesBuildPhase section */

/* Begin PBXTargetDependency section */
		E3208A50220F3D580038F360 /* PBXTargetDependency */ = {
			isa = PBXTargetDependency;
			target = E3208A39220F3D560038F360 /* Ottr-iOS */;
			targetProxy = E3208A4F220F3D580038F360 /* PBXContainerItemProxy */;
		};
		E3208A5B220F3D580038F360 /* PBXTargetDependency */ = {
			isa = PBXTargetDependency;
			target = E3208A39220F3D560038F360 /* Ottr-iOS */;
			targetProxy = E3208A5A220F3D580038F360 /* PBXContainerItemProxy */;
		};
/* End PBXTargetDependency section */

/* Begin PBXVariantGroup section */
		E3208A41220F3D560038F360 /* Main.storyboard */ = {
			isa = PBXVariantGroup;
			children = (
				E3208A42220F3D560038F360 /* Base */,
			);
			name = Main.storyboard;
			sourceTree = "<group>";
		};
		E3208A46220F3D580038F360 /* LaunchScreen.storyboard */ = {
			isa = PBXVariantGroup;
			children = (
				E3208A47220F3D580038F360 /* Base */,
			);
			name = LaunchScreen.storyboard;
			sourceTree = "<group>";
		};
/* End PBXVariantGroup section */

/* Begin XCBuildConfiguration section */
		E3208A60220F3D580038F360 /* Debug */ = {
			isa = XCBuildConfiguration;
			buildSettings = {
				ALWAYS_SEARCH_USER_PATHS = NO;
				CLANG_ANALYZER_NONNULL = YES;
				CLANG_ANALYZER_NUMBER_OBJECT_CONVERSION = YES_AGGRESSIVE;
				CLANG_CXX_LANGUAGE_STANDARD = "gnu++14";
				CLANG_CXX_LIBRARY = "libc++";
				CLANG_ENABLE_MODULES = YES;
				CLANG_ENABLE_OBJC_ARC = YES;
				CLANG_ENABLE_OBJC_WEAK = YES;
				CLANG_WARN_BLOCK_CAPTURE_AUTORELEASING = YES;
				CLANG_WARN_BOOL_CONVERSION = YES;
				CLANG_WARN_COMMA = YES;
				CLANG_WARN_CONSTANT_CONVERSION = YES;
				CLANG_WARN_DEPRECATED_OBJC_IMPLEMENTATIONS = YES;
				CLANG_WARN_DIRECT_OBJC_ISA_USAGE = YES_ERROR;
				CLANG_WARN_DOCUMENTATION_COMMENTS = YES;
				CLANG_WARN_EMPTY_BODY = YES;
				CLANG_WARN_ENUM_CONVERSION = YES;
				CLANG_WARN_INFINITE_RECURSION = YES;
				CLANG_WARN_INT_CONVERSION = YES;
				CLANG_WARN_NON_LITERAL_NULL_CONVERSION = YES;
				CLANG_WARN_OBJC_IMPLICIT_RETAIN_SELF = YES;
				CLANG_WARN_OBJC_LITERAL_CONVERSION = YES;
				CLANG_WARN_OBJC_ROOT_CLASS = YES_ERROR;
				CLANG_WARN_RANGE_LOOP_ANALYSIS = YES;
				CLANG_WARN_STRICT_PROTOTYPES = YES;
				CLANG_WARN_SUSPICIOUS_MOVE = YES;
				CLANG_WARN_UNGUARDED_AVAILABILITY = YES_AGGRESSIVE;
				CLANG_WARN_UNREACHABLE_CODE = YES;
				CLANG_WARN__DUPLICATE_METHOD_MATCH = YES;
				CODE_SIGN_IDENTITY = "iPhone Developer";
				COPY_PHASE_STRIP = NO;
				DEBUG_INFORMATION_FORMAT = dwarf;
				ENABLE_STRICT_OBJC_MSGSEND = YES;
				ENABLE_TESTABILITY = YES;
				GCC_C_LANGUAGE_STANDARD = gnu11;
				GCC_DYNAMIC_NO_PIC = NO;
				GCC_NO_COMMON_BLOCKS = YES;
				GCC_OPTIMIZATION_LEVEL = 0;
				GCC_PREPROCESSOR_DEFINITIONS = (
					"DEBUG=1",
					"$(inherited)",
				);
				GCC_WARN_64_TO_32_BIT_CONVERSION = YES;
				GCC_WARN_ABOUT_RETURN_TYPE = YES_ERROR;
				GCC_WARN_UNDECLARED_SELECTOR = YES;
				GCC_WARN_UNINITIALIZED_AUTOS = YES_AGGRESSIVE;
				GCC_WARN_UNUSED_FUNCTION = YES;
				GCC_WARN_UNUSED_VARIABLE = YES;
				IPHONEOS_DEPLOYMENT_TARGET = 11.4;
				MTL_ENABLE_DEBUG_INFO = YES;
				ONLY_ACTIVE_ARCH = YES;
				SDKROOT = iphoneos;
				SWIFT_ACTIVE_COMPILATION_CONDITIONS = DEBUG;
				SWIFT_OPTIMIZATION_LEVEL = "-Onone";
			};
			name = Debug;
		};
		E3208A61220F3D580038F360 /* Release */ = {
			isa = XCBuildConfiguration;
			buildSettings = {
				ALWAYS_SEARCH_USER_PATHS = NO;
				CLANG_ANALYZER_NONNULL = YES;
				CLANG_ANALYZER_NUMBER_OBJECT_CONVERSION = YES_AGGRESSIVE;
				CLANG_CXX_LANGUAGE_STANDARD = "gnu++14";
				CLANG_CXX_LIBRARY = "libc++";
				CLANG_ENABLE_MODULES = YES;
				CLANG_ENABLE_OBJC_ARC = YES;
				CLANG_ENABLE_OBJC_WEAK = YES;
				CLANG_WARN_BLOCK_CAPTURE_AUTORELEASING = YES;
				CLANG_WARN_BOOL_CONVERSION = YES;
				CLANG_WARN_COMMA = YES;
				CLANG_WARN_CONSTANT_CONVERSION = YES;
				CLANG_WARN_DEPRECATED_OBJC_IMPLEMENTATIONS = YES;
				CLANG_WARN_DIRECT_OBJC_ISA_USAGE = YES_ERROR;
				CLANG_WARN_DOCUMENTATION_COMMENTS = YES;
				CLANG_WARN_EMPTY_BODY = YES;
				CLANG_WARN_ENUM_CONVERSION = YES;
				CLANG_WARN_INFINITE_RECURSION = YES;
				CLANG_WARN_INT_CONVERSION = YES;
				CLANG_WARN_NON_LITERAL_NULL_CONVERSION = YES;
				CLANG_WARN_OBJC_IMPLICIT_RETAIN_SELF = YES;
				CLANG_WARN_OBJC_LITERAL_CONVERSION = YES;
				CLANG_WARN_OBJC_ROOT_CLASS = YES_ERROR;
				CLANG_WARN_RANGE_LOOP_ANALYSIS = YES;
				CLANG_WARN_STRICT_PROTOTYPES = YES;
				CLANG_WARN_SUSPICIOUS_MOVE = YES;
				CLANG_WARN_UNGUARDED_AVAILABILITY = YES_AGGRESSIVE;
				CLANG_WARN_UNREACHABLE_CODE = YES;
				CLANG_WARN__DUPLICATE_METHOD_MATCH = YES;
				CODE_SIGN_IDENTITY = "iPhone Developer";
				COPY_PHASE_STRIP = NO;
				DEBUG_INFORMATION_FORMAT = "dwarf-with-dsym";
				ENABLE_NS_ASSERTIONS = NO;
				ENABLE_STRICT_OBJC_MSGSEND = YES;
				GCC_C_LANGUAGE_STANDARD = gnu11;
				GCC_NO_COMMON_BLOCKS = YES;
				GCC_WARN_64_TO_32_BIT_CONVERSION = YES;
				GCC_WARN_ABOUT_RETURN_TYPE = YES_ERROR;
				GCC_WARN_UNDECLARED_SELECTOR = YES;
				GCC_WARN_UNINITIALIZED_AUTOS = YES_AGGRESSIVE;
				GCC_WARN_UNUSED_FUNCTION = YES;
				GCC_WARN_UNUSED_VARIABLE = YES;
				IPHONEOS_DEPLOYMENT_TARGET = 11.4;
				MTL_ENABLE_DEBUG_INFO = NO;
				SDKROOT = iphoneos;
				SWIFT_COMPILATION_MODE = wholemodule;
				SWIFT_OPTIMIZATION_LEVEL = "-O";
				VALIDATE_PRODUCT = YES;
			};
			name = Release;
		};
		E3208A63220F3D580038F360 /* Debug */ = {
			isa = XCBuildConfiguration;
			baseConfigurationReference = DF4D5A1520D872B8A19F7D11 /* Pods-Ottr-iOS.debug.xcconfig */;
			buildSettings = {
				ASSETCATALOG_COMPILER_APPICON_NAME = AppIcon;
				CODE_SIGN_STYLE = Automatic;
				DEVELOPMENT_TEAM = BS5UQBU3ML;
				INFOPLIST_FILE = "Ottr-iOS/Info.plist";
				LD_RUNPATH_SEARCH_PATHS = (
					"$(inherited)",
					"@executable_path/Frameworks",
				);
				PRODUCT_BUNDLE_IDENTIFIER = "com.christopherszatmary.Ottr-iOS";
				PRODUCT_NAME = "$(TARGET_NAME)";
				SWIFT_VERSION = 4.0;
				TARGETED_DEVICE_FAMILY = "1,2";
			};
			name = Debug;
		};
		E3208A64220F3D580038F360 /* Release */ = {
			isa = XCBuildConfiguration;
			baseConfigurationReference = D66A40EF9256D0D102D57BCC /* Pods-Ottr-iOS.release.xcconfig */;
			buildSettings = {
				ASSETCATALOG_COMPILER_APPICON_NAME = AppIcon;
				CODE_SIGN_STYLE = Automatic;
				DEVELOPMENT_TEAM = BS5UQBU3ML;
				INFOPLIST_FILE = "Ottr-iOS/Info.plist";
				LD_RUNPATH_SEARCH_PATHS = (
					"$(inherited)",
					"@executable_path/Frameworks",
				);
				PRODUCT_BUNDLE_IDENTIFIER = "com.christopherszatmary.Ottr-iOS";
				PRODUCT_NAME = "$(TARGET_NAME)";
				SWIFT_VERSION = 4.0;
				TARGETED_DEVICE_FAMILY = "1,2";
			};
			name = Release;
		};
		E3208A66220F3D580038F360 /* Debug */ = {
			isa = XCBuildConfiguration;
			baseConfigurationReference = A91E6AB655A12A56E6715FCE /* Pods-Ottr-iOSTests.debug.xcconfig */;
			buildSettings = {
				ALWAYS_EMBED_SWIFT_STANDARD_LIBRARIES = YES;
				BUNDLE_LOADER = "$(TEST_HOST)";
				CODE_SIGN_STYLE = Automatic;
				DEVELOPMENT_TEAM = BS5UQBU3ML;
				INFOPLIST_FILE = "Ottr-iOSTests/Info.plist";
				LD_RUNPATH_SEARCH_PATHS = (
					"$(inherited)",
					"@executable_path/Frameworks",
					"@loader_path/Frameworks",
				);
				PRODUCT_BUNDLE_IDENTIFIER = "com.christopherszatmary.Ottr-iOSTests";
				PRODUCT_NAME = "$(TARGET_NAME)";
				SWIFT_VERSION = 4.0;
				TARGETED_DEVICE_FAMILY = "1,2";
				TEST_HOST = "$(BUILT_PRODUCTS_DIR)/Ottr-iOS.app/Ottr-iOS";
			};
			name = Debug;
		};
		E3208A67220F3D580038F360 /* Release */ = {
			isa = XCBuildConfiguration;
			baseConfigurationReference = 75A72E7C58B7FCD68BC854F5 /* Pods-Ottr-iOSTests.release.xcconfig */;
			buildSettings = {
				ALWAYS_EMBED_SWIFT_STANDARD_LIBRARIES = YES;
				BUNDLE_LOADER = "$(TEST_HOST)";
				CODE_SIGN_STYLE = Automatic;
				DEVELOPMENT_TEAM = BS5UQBU3ML;
				INFOPLIST_FILE = "Ottr-iOSTests/Info.plist";
				LD_RUNPATH_SEARCH_PATHS = (
					"$(inherited)",
					"@executable_path/Frameworks",
					"@loader_path/Frameworks",
				);
				PRODUCT_BUNDLE_IDENTIFIER = "com.christopherszatmary.Ottr-iOSTests";
				PRODUCT_NAME = "$(TARGET_NAME)";
				SWIFT_VERSION = 4.0;
				TARGETED_DEVICE_FAMILY = "1,2";
				TEST_HOST = "$(BUILT_PRODUCTS_DIR)/Ottr-iOS.app/Ottr-iOS";
			};
			name = Release;
		};
		E3208A69220F3D580038F360 /* Debug */ = {
			isa = XCBuildConfiguration;
			baseConfigurationReference = 017CB1E6D9A1C5BEF8D0CD93 /* Pods-Ottr-iOSUITests.debug.xcconfig */;
			buildSettings = {
				ALWAYS_EMBED_SWIFT_STANDARD_LIBRARIES = YES;
				CODE_SIGN_STYLE = Automatic;
				DEVELOPMENT_TEAM = BS5UQBU3ML;
				INFOPLIST_FILE = "Ottr-iOSUITests/Info.plist";
				LD_RUNPATH_SEARCH_PATHS = (
					"$(inherited)",
					"@executable_path/Frameworks",
					"@loader_path/Frameworks",
				);
				PRODUCT_BUNDLE_IDENTIFIER = "com.christopherszatmary.Ottr-iOSUITests";
				PRODUCT_NAME = "$(TARGET_NAME)";
				SWIFT_VERSION = 4.0;
				TARGETED_DEVICE_FAMILY = "1,2";
				TEST_TARGET_NAME = "Ottr-iOS";
			};
			name = Debug;
		};
		E3208A6A220F3D580038F360 /* Release */ = {
			isa = XCBuildConfiguration;
			baseConfigurationReference = 8FA351DA64B6EFCFDF215249 /* Pods-Ottr-iOSUITests.release.xcconfig */;
			buildSettings = {
				ALWAYS_EMBED_SWIFT_STANDARD_LIBRARIES = YES;
				CODE_SIGN_STYLE = Automatic;
				DEVELOPMENT_TEAM = BS5UQBU3ML;
				INFOPLIST_FILE = "Ottr-iOSUITests/Info.plist";
				LD_RUNPATH_SEARCH_PATHS = (
					"$(inherited)",
					"@executable_path/Frameworks",
					"@loader_path/Frameworks",
				);
				PRODUCT_BUNDLE_IDENTIFIER = "com.christopherszatmary.Ottr-iOSUITests";
				PRODUCT_NAME = "$(TARGET_NAME)";
				SWIFT_VERSION = 4.0;
				TARGETED_DEVICE_FAMILY = "1,2";
				TEST_TARGET_NAME = "Ottr-iOS";
			};
			name = Release;
		};
/* End XCBuildConfiguration section */

/* Begin XCConfigurationList section */
		E3208A35220F3D560038F360 /* Build configuration list for PBXProject "Ottr-iOS" */ = {
			isa = XCConfigurationList;
			buildConfigurations = (
				E3208A60220F3D580038F360 /* Debug */,
				E3208A61220F3D580038F360 /* Release */,
			);
			defaultConfigurationIsVisible = 0;
			defaultConfigurationName = Release;
		};
		E3208A62220F3D580038F360 /* Build configuration list for PBXNativeTarget "Ottr-iOS" */ = {
			isa = XCConfigurationList;
			buildConfigurations = (
				E3208A63220F3D580038F360 /* Debug */,
				E3208A64220F3D580038F360 /* Release */,
			);
			defaultConfigurationIsVisible = 0;
			defaultConfigurationName = Release;
		};
		E3208A65220F3D580038F360 /* Build configuration list for PBXNativeTarget "Ottr-iOSTests" */ = {
			isa = XCConfigurationList;
			buildConfigurations = (
				E3208A66220F3D580038F360 /* Debug */,
				E3208A67220F3D580038F360 /* Release */,
			);
			defaultConfigurationIsVisible = 0;
			defaultConfigurationName = Release;
		};
		E3208A68220F3D580038F360 /* Build configuration list for PBXNativeTarget "Ottr-iOSUITests" */ = {
			isa = XCConfigurationList;
			buildConfigurations = (
				E3208A69220F3D580038F360 /* Debug */,
				E3208A6A220F3D580038F360 /* Release */,
			);
			defaultConfigurationIsVisible = 0;
			defaultConfigurationName = Release;
		};
/* End XCConfigurationList section */
	};
	rootObject = E3208A32220F3D560038F360 /* Project object */;
}
